# This file is generated by running "yarn install" inside your project.
# Manual changes might be lost - proceed with caution!

__metadata:
  version: 5
  cacheKey: 8

"@mullerstd/prettier-config@npm:^1.0.2":
  version: 1.0.2
  resolution: "@mullerstd/prettier-config@npm:1.0.2"
  checksum: a880222738aa966ae03d61309f2c9d07b9a46da3afec1a00e5b75569290fc27e4ac21abfe414546d461f48bfdd181708116f1b5d1e99ea670e7a4c3ea86b0d09
  languageName: node
  linkType: hard

"@mullerstd/stylelint-config@workspace:.":
  version: 0.0.0-use.local
  resolution: "@mullerstd/stylelint-config@workspace:."
  dependencies:
    "@mullerstd/prettier-config": ^1.0.2
    husky: ^7.0.0
    pinst: ^2.0.0
    prettier: ^2.2.1
    stylelint-config-idiomatic-order: ^8.1.0
    stylelint-config-prettier: ^9.0.3
    stylelint-config-standard: ^24.0.0
    stylelint-order: ^4.1.0
    stylelint-prettier: ^2.0.0
  peerDependencies:
    stylelint: ">= 13"
  languageName: unknown
  linkType: soft

"fast-diff@npm:^1.1.2":
  version: 1.2.0
  resolution: "fast-diff@npm:1.2.0"
  checksum: 1b5306eaa9e826564d9e5ffcd6ebd881eb5f770b3f977fcbf38f05c824e42172b53c79920e8429c54eb742ce15a0caf268b0fdd5b38f6de52234c4a8368131ae
  languageName: node
  linkType: hard

"fromentries@npm:^1.3.2":
  version: 1.3.2
  resolution: "fromentries@npm:1.3.2"
  checksum: 33729c529ce19f5494f846f0dd4945078f4e37f4e8955f4ae8cc7385c218f600e9d93a7d225d17636c20d1889106fd87061f911550861b7072f53bf891e6b341
  languageName: node
  linkType: hard

"husky@npm:^7.0.0":
  version: 7.0.4
  resolution: "husky@npm:7.0.4"
  bin:
    husky: lib/bin.js
  checksum: c6ec4af63da2c9522da8674a20ad9b48362cc92704896cc8a58c6a2a39d797feb2b806f93fbd83a6d653fbdceb2c3b6e0b602c6b2e8565206ffc2882ef7db9e9
  languageName: node
  linkType: hard

"lodash@npm:^4.17.14, lodash@npm:^4.17.15":
  version: 4.17.21
  resolution: "lodash@npm:4.17.21"
  checksum: eb835a2e51d381e561e508ce932ea50a8e5a68f4ebdd771ea240d3048244a8d13658acbd502cd4829768c56f2e16bdd4340b9ea141297d472517b83868e677f7
  languageName: node
  linkType: hard

"picocolors@npm:^0.2.1":
  version: 0.2.1
  resolution: "picocolors@npm:0.2.1"
  checksum: 3b0f441f0062def0c0f39e87b898ae7461c3a16ffc9f974f320b44c799418cabff17780ee647fda42b856a1dc45897e2c62047e1b546d94d6d5c6962f45427b2
  languageName: node
  linkType: hard

"pinst@npm:^2.0.0":
  version: 2.1.6
  resolution: "pinst@npm:2.1.6"
  dependencies:
    fromentries: ^1.3.2
  bin:
    pinst: bin.js
  checksum: 3644c352a7a956a0a299012609783456e055b2c4dab274bcbe8ea86d3347355a0552da31a7f3fb6ce91d6102f27b6dde64edd69c2cdaaeb811b87bf205655e36
  languageName: node
  linkType: hard

"postcss-sorting@npm:^5.0.1":
  version: 5.0.1
  resolution: "postcss-sorting@npm:5.0.1"
  dependencies:
    lodash: ^4.17.14
    postcss: ^7.0.17
  checksum: 0a410afab47e1ec10f1bd8768d7118cad93d00990a298816bb6c30f72f66ed05d29f152c8a04b943749fef134413171d6c91ef9915a1b95281573c1c7d13f76c
  languageName: node
  linkType: hard

"postcss@npm:^7.0.17, postcss@npm:^7.0.31":
  version: 7.0.39
  resolution: "postcss@npm:7.0.39"
  dependencies:
    picocolors: ^0.2.1
    source-map: ^0.6.1
  checksum: 4ac793f506c23259189064bdc921260d869a115a82b5e713973c5af8e94fbb5721a5cc3e1e26840500d7e1f1fa42a209747c5b1a151918a9bc11f0d7ed9048e3
  languageName: node
  linkType: hard

"prettier-linter-helpers@npm:^1.0.0":
  version: 1.0.0
  resolution: "prettier-linter-helpers@npm:1.0.0"
  dependencies:
    fast-diff: ^1.1.2
  checksum: 00ce8011cf6430158d27f9c92cfea0a7699405633f7f1d4a45f07e21bf78e99895911cbcdc3853db3a824201a7c745bd49bfea8abd5fb9883e765a90f74f8392
  languageName: node
  linkType: hard

"prettier@npm:^2.2.1":
  version: 2.5.1
  resolution: "prettier@npm:2.5.1"
  bin:
    prettier: bin-prettier.js
  checksum: 21b9408476ea1c544b0e45d51ceb94a84789ff92095abb710942d780c862d0daebdb29972d47f6b4d0f7ebbfb0ffbf56cc2cfa3e3e9d1cca54864af185b15b66
  languageName: node
  linkType: hard

"source-map@npm:^0.6.1":
  version: 0.6.1
  resolution: "source-map@npm:0.6.1"
  checksum: 59ce8640cf3f3124f64ac289012c2b8bd377c238e316fb323ea22fbfe83da07d81e000071d7242cad7a23cd91c7de98e4df8830ec3f133cb6133a5f6e9f67bc2
  languageName: node
  linkType: hard

"stylelint-config-idiomatic-order@npm:^8.1.0":
  version: 8.1.0
  resolution: "stylelint-config-idiomatic-order@npm:8.1.0"
  dependencies:
    stylelint-order: ^3.1.1
  peerDependencies:
    stylelint: ">=11"
  checksum: f83ebfb90a506e0c01df8f1e25e11a55cfd881dbb07bc9714a25fe8fa1d31cb50aa160561692edd15aa654f2d200cd08e10620f7ac2a7d6a2b3bde955d49f6f7
  languageName: node
  linkType: hard

"stylelint-config-prettier@npm:^9.0.3":
  version: 9.0.3
  resolution: "stylelint-config-prettier@npm:9.0.3"
  peerDependencies:
    stylelint: ">=11.0.0"
  bin:
    stylelint-config-prettier: bin/check.js
    stylelint-config-prettier-check: bin/check.js
  checksum: 9ff3f719daf3865878615ba52c31de6ef0a0d25d41cb58c41afe2f1c459a838997ff912cc4a5b4d401f92e2193667ff4d140b6d303cf8192e894b5cb454c41b9
  languageName: node
  linkType: hard

"stylelint-config-recommended@npm:^6.0.0":
  version: 6.0.0
  resolution: "stylelint-config-recommended@npm:6.0.0"
  peerDependencies:
    stylelint: ^14.0.0
  checksum: 103b3c122253a908f91f5728d39eff6fed3866157e29a6e550da051cfc207b0d159b7434e0806126e3c3939e6528a0a1cd5a1cf00b835dd49b3a18ba4a007fa1
  languageName: node
  linkType: hard

"stylelint-config-standard@npm:^24.0.0":
  version: 24.0.0
  resolution: "stylelint-config-standard@npm:24.0.0"
  dependencies:
    stylelint-config-recommended: ^6.0.0
  peerDependencies:
    stylelint: ^14.0.0
  checksum: 5993ede913d81410830639db054a7a3f5c87e56254368be45ce876321106fad1c11ee4cb77247049aaf22e283a393dd90d93dec8f796f8f139ed21eb86a9a168
  languageName: node
  linkType: hard

"stylelint-order@npm:^3.1.1":
  version: 3.1.1
  resolution: "stylelint-order@npm:3.1.1"
  dependencies:
    lodash: ^4.17.15
    postcss: ^7.0.17
    postcss-sorting: ^5.0.1
  peerDependencies:
    stylelint: ">=10.0.1"
  checksum: 35388f28bd9a4d91ab35eea3518ba83b4b72514aa169015fd3187ce94061be201e47e557165b6ffad20baaaf69be4770785a4e4b7b56e4317759f84112bc1d8d
  languageName: node
  linkType: hard

"stylelint-order@npm:^4.1.0":
  version: 4.1.0
  resolution: "stylelint-order@npm:4.1.0"
  dependencies:
    lodash: ^4.17.15
    postcss: ^7.0.31
    postcss-sorting: ^5.0.1
  peerDependencies:
    stylelint: ^10.0.1 || ^11.0.0 || ^12.0.0 || ^13.0.0
  checksum: 95162ed46e2e90d923827a4bd4652d160cb225ead5520d13d83132337a72546c79d7d5d67833b87d054945dd74361a181a509273311fe7f56ac0f034959172c8
  languageName: node
  linkType: hard

"stylelint-prettier@npm:^2.0.0":
  version: 2.0.0
  resolution: "stylelint-prettier@npm:2.0.0"
  dependencies:
    prettier-linter-helpers: ^1.0.0
  peerDependencies:
    prettier: ">=2.0.0"
    stylelint: ">=14.0.0"
  checksum: 6ce7628517a492e0c2e6104f654c9bc710f1aaf035c8b5274e187b68e8d510e70bae5ded2cb65df76aa01096460b9dfe02f844fea13bfba7e3dcca13baec2ff4
  languageName: node
  linkType: hard
